<?xml version="1.0" encoding="utf-8"?>
<Project ToolsVersion="16.0" xmlns="http://schemas.microsoft.com/developer/msbuild/2003">
  <ItemGroup>
    <ClCompile Include="C:\Users\vlado\Desktop\mylab\mp2-lab1-set\gtest\gtest-all.cc">
      <Filter>Source Files</Filter>
    </ClCompile>
  </ItemGroup>
  <ItemGroup>
    <CustomBuild Include="C:\Users\vlado\Desktop\mylab\mp2-lab1-set\gtest\CMakeLists.txt" />
  </ItemGroup>
  <ItemGroup>
    <Filter Include="Source Files">
      <UniqueIdentifier>{E68B1CA0-8E6F-3128-8E8D-5B3641E4A5FA}</UniqueIdentifier>
    </Filter>
  </ItemGroup>
</Project>
